// !$*UTF8*$!
{
	archiveVersion = 1;
	classes = {
	};
	objectVersion = 55;
	objects = {

/* Begin PBXBuildFile section */
		6F0DFBEB2811B88F005ABFB5 /* Home.swift in Sources */ = {isa = PBXBuildFile; fileRef = 6F0DFBE92811B05B005ABFB5 /* Home.swift */; };
		6F0DFBEE2811B933005ABFB5 /* IconViewModel.swift in Sources */ = {isa = PBXBuildFile; fileRef = 6F0DFBEC2811B8D0005ABFB5 /* IconViewModel.swift */; };
		6F0DFBEF2811FB5D005ABFB5 /* Content-Temp.json in Resources */ = {isa = PBXBuildFile; fileRef = 6F1DF40D2811A8D6001DB990 /* Content-Temp.json */; };
		6F1DF3FF2811A6DA001DB990 /* IconGeneratorApp.swift in Sources */ = {isa = PBXBuildFile; fileRef = 6F1DF3EF2811A6D9001DB990 /* IconGeneratorApp.swift */; };
		6F1DF4002811A6DA001DB990 /* IconGeneratorApp.swift in Sources */ = {isa = PBXBuildFile; fileRef = 6F1DF3EF2811A6D9001DB990 /* IconGeneratorApp.swift */; };
		6F1DF4012811A6DA001DB990 /* ContentView.swift in Sources */ = {isa = PBXBuildFile; fileRef = 6F1DF3F02811A6D9001DB990 /* ContentView.swift */; };
		6F1DF4022811A6DA001DB990 /* ContentView.swift in Sources */ = {isa = PBXBuildFile; fileRef = 6F1DF3F02811A6D9001DB990 /* ContentView.swift */; };
		6F1DF4042811A6DA001DB990 /* Assets.xcassets in Resources */ = {isa = PBXBuildFile; fileRef = 6F1DF3F12811A6DA001DB990 /* Assets.xcassets */; };
		6F494F5F281313F00087B176 /* Contents.json in Resources */ = {isa = PBXBuildFile; fileRef = 6F494F5E281313020087B176 /* Contents.json */; };
/* End PBXBuildFile section */

/* Begin PBXFileReference section */
		6F0DFBE92811B05B005ABFB5 /* Home.swift */ = {isa = PBXFileReference; lastKnownFileType = sourcecode.swift; path = Home.swift; sourceTree = "<group>"; };
		6F0DFBEC2811B8D0005ABFB5 /* IconViewModel.swift */ = {isa = PBXFileReference; lastKnownFileType = sourcecode.swift; path = IconViewModel.swift; sourceTree = "<group>"; };
		6F1DF3EF2811A6D9001DB990 /* IconGeneratorApp.swift */ = {isa = PBXFileReference; lastKnownFileType = sourcecode.swift; path = IconGeneratorApp.swift; sourceTree = "<group>"; };
		6F1DF3F02811A6D9001DB990 /* ContentView.swift */ = {isa = PBXFileReference; lastKnownFileType = sourcecode.swift; path = ContentView.swift; sourceTree = "<group>"; };
		6F1DF3F12811A6DA001DB990 /* Assets.xcassets */ = {isa = PBXFileReference; lastKnownFileType = folder.assetcatalog; path = Assets.xcassets; sourceTree = "<group>"; };
		6F1DF3F62811A6DA001DB990 /* IconGenerator.app */ = {isa = PBXFileReference; explicitFileType = wrapper.application; includeInIndex = 0; path = IconGenerator.app; sourceTree = BUILT_PRODUCTS_DIR; };
		6F1DF3FC2811A6DA001DB990 /*  Icon Generator.app */ = {isa = PBXFileReference; explicitFileType = wrapper.application; includeInIndex = 0; path = " Icon Generator.app"; sourceTree = BUILT_PRODUCTS_DIR; };
		6F1DF3FE2811A6DA001DB990 /* macOS.entitlements */ = {isa = PBXFileReference; lastKnownFileType = text.plist.entitlements; path = macOS.entitlements; sourceTree = "<group>"; };
		6F1DF40D2811A8D6001DB990 /* Content-Temp.json */ = {isa = PBXFileReference; lastKnownFileType = text.json; path = "Content-Temp.json"; sourceTree = "<group>"; };
		6F494F5E281313020087B176 /* Contents.json */ = {isa = PBXFileReference; lastKnownFileType = text.json; path = Contents.json; sourceTree = "<group>"; };
/* End PBXFileReference section */

/* Begin PBXFrameworksBuildPhase section */
		6F1DF3F32811A6DA001DB990 /* Frameworks */ = {
			isa = PBXFrameworksBuildPhase;
			buildActionMask = 2147483647;
			files = (
			);
			runOnlyForDeploymentPostprocessing = 0;
		};
		6F1DF3F92811A6DA001DB990 /* Frameworks */ = {
			isa = PBXFrameworksBuildPhase;
			buildActionMask = 2147483647;
			files = (
			);
			runOnlyForDeploymentPostprocessing = 0;
		};
/* End PBXFrameworksBuildPhase section */

/* Begin PBXGroup section */
		6F1DF3E92811A6D9001DB990 = {
			isa = PBXGroup;
			children = (
				6F1DF40D2811A8D6001DB990 /* Content-Temp.json */,
				6F494F5E281313020087B176 /* Contents.json */,
				6F1DF3EE2811A6D9001DB990 /* Shared */,
				6F1DF3FD2811A6DA001DB990 /* macOS */,
				6F1DF3F72811A6DA001DB990 /* Products */,
			);
			sourceTree = "<group>";
		};
		6F1DF3EE2811A6D9001DB990 /* Shared */ = {
			isa = PBXGroup;
			children = (
				6F1DF4102811A99F001DB990 /* ViewModel */,
				6F1DF40F2811A98C001DB990 /* View */,
				6F1DF3EF2811A6D9001DB990 /* IconGeneratorApp.swift */,
				6F1DF3F02811A6D9001DB990 /* ContentView.swift */,
				6F1DF3F12811A6DA001DB990 /* Assets.xcassets */,
			);
			path = Shared;
			sourceTree = "<group>";
		};
		6F1DF3F72811A6DA001DB990 /* Products */ = {
			isa = PBXGroup;
			children = (
				6F1DF3F62811A6DA001DB990 /* IconGenerator.app */,
				6F1DF3FC2811A6DA001DB990 /*  Icon Generator.app */,
			);
			name = Products;
			sourceTree = "<group>";
		};
		6F1DF3FD2811A6DA001DB990 /* macOS */ = {
			isa = PBXGroup;
			children = (
				6F1DF3FE2811A6DA001DB990 /* macOS.entitlements */,
			);
			path = macOS;
			sourceTree = "<group>";
		};
		6F1DF40F2811A98C001DB990 /* View */ = {
			isa = PBXGroup;
			children = (
				6F0DFBE92811B05B005ABFB5 /* Home.swift */,
			);
			path = View;
			sourceTree = "<group>";
		};
		6F1DF4102811A99F001DB990 /* ViewModel */ = {
			isa = PBXGroup;
			children = (
				6F0DFBEC2811B8D0005ABFB5 /* IconViewModel.swift */,
			);
			path = ViewModel;
			sourceTree = "<group>";
		};
/* End PBXGroup section */

/* Begin PBXNativeTarget section */
		6F1DF3F52811A6DA001DB990 /*  Icon Generator (iOS) */ = {
			isa = PBXNativeTarget;
			buildConfigurationList = 6F1DF4072811A6DA001DB990 /* Build configuration list for PBXNativeTarget " Icon Generator (iOS)" */;
			buildPhases = (
				6F1DF3F22811A6DA001DB990 /* Sources */,
				6F1DF3F32811A6DA001DB990 /* Frameworks */,
				6F1DF3F42811A6DA001DB990 /* Resources */,
			);
			buildRules = (
			);
			dependencies = (
			);
			name = " Icon Generator (iOS)";
			productName = "IconGenerator (iOS)";
			productReference = 6F1DF3F62811A6DA001DB990 /* IconGenerator.app */;
			productType = "com.apple.product-type.application";
		};
		6F1DF3FB2811A6DA001DB990 /*  Icon Generator (macOS) */ = {
			isa = PBXNativeTarget;
			buildConfigurationList = 6F1DF40A2811A6DA001DB990 /* Build configuration list for PBXNativeTarget " Icon Generator (macOS)" */;
			buildPhases = (
				6F1DF3F82811A6DA001DB990 /* Sources */,
				6F1DF3F92811A6DA001DB990 /* Frameworks */,
				6F1DF3FA2811A6DA001DB990 /* Resources */,
			);
			buildRules = (
			);
			dependencies = (
			);
			name = " Icon Generator (macOS)";
			productName = "IconGenerator (macOS)";
			productReference = 6F1DF3FC2811A6DA001DB990 /*  Icon Generator.app */;
			productType = "com.apple.product-type.application";
		};
/* End PBXNativeTarget section */

/* Begin PBXProject section */
		6F1DF3EA2811A6D9001DB990 /* Project object */ = {
			isa = PBXProject;
			attributes = {
				BuildIndependentTargetsInParallel = 1;
				LastSwiftUpdateCheck = 1330;
				LastUpgradeCheck = 1330;
				TargetAttributes = {
					6F1DF3F52811A6DA001DB990 = {
						CreatedOnToolsVersion = 13.3.1;
					};
					6F1DF3FB2811A6DA001DB990 = {
						CreatedOnToolsVersion = 13.3.1;
					};
				};
			};
			buildConfigurationList = 6F1DF3ED2811A6D9001DB990 /* Build configuration list for PBXProject " Icon Generator" */;
			compatibilityVersion = "Xcode 13.0";
			developmentRegion = en;
			hasScannedForEncodings = 0;
			knownRegions = (
				en,
				Base,
			);
			mainGroup = 6F1DF3E92811A6D9001DB990;
			productRefGroup = 6F1DF3F72811A6DA001DB990 /* Products */;
			projectDirPath = "";
			projectRoot = "";
			targets = (
				6F1DF3F52811A6DA001DB990 /*  Icon Generator (iOS) */,
				6F1DF3FB2811A6DA001DB990 /*  Icon Generator (macOS) */,
			);
		};
/* End PBXProject section */

/* Begin PBXResourcesBuildPhase section */
		6F1DF3F42811A6DA001DB990 /* Resources */ = {
			isa = PBXResourcesBuildPhase;
			buildActionMask = 2147483647;
			files = (
			);
			runOnlyForDeploymentPostprocessing = 0;
		};
		6F1DF3FA2811A6DA001DB990 /* Resources */ = {
			isa = PBXResourcesBuildPhase;
			buildActionMask = 2147483647;
			files = (
				6F1DF4042811A6DA001DB990 /* Assets.xcassets in Resources */,
				6F0DFBEF2811FB5D005ABFB5 /* Content-Temp.json in Resources */,
				6F494F5F281313F00087B176 /* Contents.json in Resources */,
			);
			runOnlyForDeploymentPostprocessing = 0;
		};
/* End PBXResourcesBuildPhase section */

/* Begin PBXSourcesBuildPhase section */
		6F1DF3F22811A6DA001DB990 /* Sources */ = {
			isa = PBXSourcesBuildPhase;
			buildActionMask = 2147483647;
			files = (
				6F1DF4012811A6DA001DB990 /* ContentView.swift in Sources */,
				6F1DF3FF2811A6DA001DB990 /* IconGeneratorApp.swift in Sources */,
			);
			runOnlyForDeploymentPostprocessing = 0;
		};
		6F1DF3F82811A6DA001DB990 /* Sources */ = {
			isa = PBXSourcesBuildPhase;
			buildActionMask = 2147483647;
			files = (
				6F1DF4022811A6DA001DB990 /* ContentView.swift in Sources */,
				6F0DFBEB2811B88F005ABFB5 /* Home.swift in Sources */,
				6F1DF4002811A6DA001DB990 /* IconGeneratorApp.swift in Sources */,
				6F0DFBEE2811B933005ABFB5 /* IconViewModel.swift in Sources */,
			);
			runOnlyForDeploymentPostprocessing = 0;
		};
/* End PBXSourcesBuildPhase section */

/* Begin XCBuildConfiguration section */
		6F1DF4052811A6DA001DB990 /* Debug */ = {
			isa = XCBuildConfiguration;
			buildSettings = {
				ALWAYS_SEARCH_USER_PATHS = NO;
				CLANG_ANALYZER_NONNULL = YES;
				CLANG_ANALYZER_NUMBER_OBJECT_CONVERSION = YES_AGGRESSIVE;
				CLANG_CXX_LANGUAGE_STANDARD = "gnu++17";
				CLANG_ENABLE_MODULES = YES;
				CLANG_ENABLE_OBJC_ARC = YES;
				CLANG_ENABLE_OBJC_WEAK = YES;
				CLANG_WARN_BLOCK_CAPTURE_AUTORELEASING = YES;
				CLANG_WARN_BOOL_CONVERSION = YES;
				CLANG_WARN_COMMA = YES;
				CLANG_WARN_CONSTANT_CONVERSION = YES;
				CLANG_WARN_DEPRECATED_OBJC_IMPLEMENTATIONS = YES;
				CLANG_WARN_DIRECT_OBJC_ISA_USAGE = YES_ERROR;
				CLANG_WARN_DOCUMENTATION_COMMENTS = YES;
				CLANG_WARN_EMPTY_BODY = YES;
				CLANG_WARN_ENUM_CONVERSION = YES;
				CLANG_WARN_INFINITE_RECURSION = YES;
				CLANG_WARN_INT_CONVERSION = YES;
				CLANG_WARN_NON_LITERAL_NULL_CONVERSION = YES;
				CLANG_WARN_OBJC_IMPLICIT_RETAIN_SELF = YES;
				CLANG_WARN_OBJC_LITERAL_CONVERSION = YES;
				CLANG_WARN_OBJC_ROOT_CLASS = YES_ERROR;
				CLANG_WARN_QUOTED_INCLUDE_IN_FRAMEWORK_HEADER = YES;
				CLANG_WARN_RANGE_LOOP_ANALYSIS = YES;
				CLANG_WARN_STRICT_PROTOTYPES = YES;
				CLANG_WARN_SUSPICIOUS_MOVE = YES;
				CLANG_WARN_UNGUARDED_AVAILABILITY = YES_AGGRESSIVE;
				CLANG_WARN_UNREACHABLE_CODE = YES;
				CLANG_WARN__DUPLICATE_METHOD_MATCH = YES;
				COPY_PHASE_STRIP = NO;
				DEBUG_INFORMATION_FORMAT = dwarf;
				ENABLE_STRICT_OBJC_MSGSEND = YES;
				ENABLE_TESTABILITY = YES;
				GCC_C_LANGUAGE_STANDARD = gnu11;
				GCC_DYNAMIC_NO_PIC = NO;
				GCC_NO_COMMON_BLOCKS = YES;
				GCC_OPTIMIZATION_LEVEL = 0;
				GCC_PREPROCESSOR_DEFINITIONS = (
					"DEBUG=1",
					"$(inherited)",
				);
				GCC_WARN_64_TO_32_BIT_CONVERSION = YES;
				GCC_WARN_ABOUT_RETURN_TYPE = YES_ERROR;
				GCC_WARN_UNDECLARED_SELECTOR = YES;
				GCC_WARN_UNINITIALIZED_AUTOS = YES_AGGRESSIVE;
				GCC_WARN_UNUSED_FUNCTION = YES;
				GCC_WARN_UNUSED_VARIABLE = YES;
				MTL_ENABLE_DEBUG_INFO = INCLUDE_SOURCE;
				MTL_FAST_MATH = YES;
				ONLY_ACTIVE_ARCH = YES;
				SWIFT_ACTIVE_COMPILATION_CONDITIONS = DEBUG;
				SWIFT_OPTIMIZATION_LEVEL = "-Onone";
			};
			name = Debug;
		};
		6F1DF4062811A6DA001DB990 /* Release */ = {
			isa = XCBuildConfiguration;
			buildSettings = {
				ALWAYS_SEARCH_USER_PATHS = NO;
				CLANG_ANALYZER_NONNULL = YES;
				CLANG_ANALYZER_NUMBER_OBJECT_CONVERSION = YES_AGGRESSIVE;
				CLANG_CXX_LANGUAGE_STANDARD = "gnu++17";
				CLANG_ENABLE_MODULES = YES;
				CLANG_ENABLE_OBJC_ARC = YES;
				CLANG_ENABLE_OBJC_WEAK = YES;
				CLANG_WARN_BLOCK_CAPTURE_AUTORELEASING = YES;
				CLANG_WARN_BOOL_CONVERSION = YES;
				CLANG_WARN_COMMA = YES;
				CLANG_WARN_CONSTANT_CONVERSION = YES;
				CLANG_WARN_DEPRECATED_OBJC_IMPLEMENTATIONS = YES;
				CLANG_WARN_DIRECT_OBJC_ISA_USAGE = YES_ERROR;
				CLANG_WARN_DOCUMENTATION_COMMENTS = YES;
				CLANG_WARN_EMPTY_BODY = YES;
				CLANG_WARN_ENUM_CONVERSION = YES;
				CLANG_WARN_INFINITE_RECURSION = YES;
				CLANG_WARN_INT_CONVERSION = YES;
				CLANG_WARN_NON_LITERAL_NULL_CONVERSION = YES;
				CLANG_WARN_OBJC_IMPLICIT_RETAIN_SELF = YES;
				CLANG_WARN_OBJC_LITERAL_CONVERSION = YES;
				CLANG_WARN_OBJC_ROOT_CLASS = YES_ERROR;
				CLANG_WARN_QUOTED_INCLUDE_IN_FRAMEWORK_HEADER = YES;
				CLANG_WARN_RANGE_LOOP_ANALYSIS = YES;
				CLANG_WARN_STRICT_PROTOTYPES = YES;
				CLANG_WARN_SUSPICIOUS_MOVE = YES;
				CLANG_WARN_UNGUARDED_AVAILABILITY = YES_AGGRESSIVE;
				CLANG_WARN_UNREACHABLE_CODE = YES;
				CLANG_WARN__DUPLICATE_METHOD_MATCH = YES;
				COPY_PHASE_STRIP = NO;
				DEBUG_INFORMATION_FORMAT = "dwarf-with-dsym";
				ENABLE_NS_ASSERTIONS = NO;
				ENABLE_STRICT_OBJC_MSGSEND = YES;
				GCC_C_LANGUAGE_STANDARD = gnu11;
				GCC_NO_COMMON_BLOCKS = YES;
				GCC_WARN_64_TO_32_BIT_CONVERSION = YES;
				GCC_WARN_ABOUT_RETURN_TYPE = YES_ERROR;
				GCC_WARN_UNDECLARED_SELECTOR = YES;
				GCC_WARN_UNINITIALIZED_AUTOS = YES_AGGRESSIVE;
				GCC_WARN_UNUSED_FUNCTION = YES;
				GCC_WARN_UNUSED_VARIABLE = YES;
				MTL_ENABLE_DEBUG_INFO = NO;
				MTL_FAST_MATH = YES;
				SWIFT_COMPILATION_MODE = wholemodule;
				SWIFT_OPTIMIZATION_LEVEL = "-O";
			};
			name = Release;
		};
		6F1DF4082811A6DA001DB990 /* Debug */ = {
			isa = XCBuildConfiguration;
			buildSettings = {
				ASSETCATALOG_COMPILER_APPICON_NAME = AppIcon;
				ASSETCATALOG_COMPILER_GLOBAL_ACCENT_COLOR_NAME = AccentColor;
				CODE_SIGN_STYLE = Automatic;
				CURRENT_PROJECT_VERSION = 1;
				DEVELOPMENT_TEAM = KMY4B6CP23;
				ENABLE_PREVIEWS = YES;
				GENERATE_INFOPLIST_FILE = YES;
				INFOPLIST_KEY_UIApplicationSceneManifest_Generation = YES;
				INFOPLIST_KEY_UIApplicationSupportsIndirectInputEvents = YES;
				INFOPLIST_KEY_UILaunchScreen_Generation = YES;
				INFOPLIST_KEY_UISupportedInterfaceOrientations_iPad = "UIInterfaceOrientationPortrait UIInterfaceOrientationPortraitUpsideDown UIInterfaceOrientationLandscapeLeft UIInterfaceOrientationLandscapeRight";
				INFOPLIST_KEY_UISupportedInterfaceOrientations_iPhone = "UIInterfaceOrientationPortrait UIInterfaceOrientationLandscapeLeft UIInterfaceOrientationLandscapeRight";
				IPHONEOS_DEPLOYMENT_TARGET = 15.4;
				LD_RUNPATH_SEARCH_PATHS = (
					"$(inherited)",
					"@executable_path/Frameworks",
				);
				MARKETING_VERSION = 1.0;
				PRODUCT_BUNDLE_IDENTIFIER = co.davidlondonog.IconGenerator;
				PRODUCT_NAME = IconGenerator;
				SDKROOT = iphoneos;
				SWIFT_EMIT_LOC_STRINGS = YES;
				SWIFT_VERSION = 5.0;
				TARGETED_DEVICE_FAMILY = "1,2";
			};
			name = Debug;
		};
		6F1DF4092811A6DA001DB990 /* Release */ = {
			isa = XCBuildConfiguration;
			buildSettings = {
				ASSETCATALOG_COMPILER_APPICON_NAME = AppIcon;
				ASSETCATALOG_COMPILER_GLOBAL_ACCENT_COLOR_NAME = AccentColor;
				CODE_SIGN_STYLE = Automatic;
				CURRENT_PROJECT_VERSION = 1;
				DEVELOPMENT_TEAM = KMY4B6CP23;
				ENABLE_PREVIEWS = YES;
				GENERATE_INFOPLIST_FILE = YES;
				INFOPLIST_KEY_UIApplicationSceneManifest_Generation = YES;
				INFOPLIST_KEY_UIApplicationSupportsIndirectInputEvents = YES;
				INFOPLIST_KEY_UILaunchScreen_Generation = YES;
				INFOPLIST_KEY_UISupportedInterfaceOrientations_iPad = "UIInterfaceOrientationPortrait UIInterfaceOrientationPortraitUpsideDown UIInterfaceOrientationLandscapeLeft UIInterfaceOrientationLandscapeRight";
				INFOPLIST_KEY_UISupportedInterfaceOrientations_iPhone = "UIInterfaceOrientationPortrait UIInterfaceOrientationLandscapeLeft UIInterfaceOrientationLandscapeRight";
				IPHONEOS_DEPLOYMENT_TARGET = 15.4;
				LD_RUNPATH_SEARCH_PATHS = (
					"$(inherited)",
					"@executable_path/Frameworks",
				);
				MARKETING_VERSION = 1.0;
				PRODUCT_BUNDLE_IDENTIFIER = co.davidlondonog.IconGenerator;
				PRODUCT_NAME = IconGenerator;
				SDKROOT = iphoneos;
				SWIFT_EMIT_LOC_STRINGS = YES;
				SWIFT_VERSION = 5.0;
				TARGETED_DEVICE_FAMILY = "1,2";
				VALIDATE_PRODUCT = YES;
			};
			name = Release;
		};
		6F1DF40B2811A6DA001DB990 /* Debug */ = {
			isa = XCBuildConfiguration;
			buildSettings = {
				ASSETCATALOG_COMPILER_APPICON_NAME = AppIcon;
				ASSETCATALOG_COMPILER_GLOBAL_ACCENT_COLOR_NAME = AccentColor;
				CODE_SIGN_ENTITLEMENTS = macOS/macOS.entitlements;
				CODE_SIGN_IDENTITY = "-";
				CODE_SIGN_STYLE = Automatic;
				COMBINE_HIDPI_IMAGES = YES;
				CURRENT_PROJECT_VERSION = 1;
				DEVELOPMENT_TEAM = "";
				ENABLE_PREVIEWS = YES;
				GENERATE_INFOPLIST_FILE = YES;
				INFOPLIST_KEY_NSHumanReadableCopyright = "";
				LD_RUNPATH_SEARCH_PATHS = (
					"$(inherited)",
					"@executable_path/../Frameworks",
				);
				MACOSX_DEPLOYMENT_TARGET = 12.3;
				MARKETING_VERSION = 1.0;
				PRODUCT_BUNDLE_IDENTIFIER = co.davidlondonog.IconGenerator;
				PRODUCT_NAME = " Icon Generator";
				PROVISIONING_PROFILE_SPECIFIER = "";
				SDKROOT = macosx;
				SWIFT_EMIT_LOC_STRINGS = YES;
				SWIFT_VERSION = 5.0;
			};
			name = Debug;
		};
		6F1DF40C2811A6DA001DB990 /* Release */ = {
			isa = XCBuildConfiguration;
			buildSettings = {
				ASSETCATALOG_COMPILER_APPICON_NAME = AppIcon;
				ASSETCATALOG_COMPILER_GLOBAL_ACCENT_COLOR_NAME = AccentColor;
				CODE_SIGN_ENTITLEMENTS = macOS/macOS.entitlements;
				CODE_SIGN_IDENTITY = "-";
				CODE_SIGN_STYLE = Automatic;
				COMBINE_HIDPI_IMAGES = YES;
				CURRENT_PROJECT_VERSION = 1;
				DEVELOPMENT_TEAM = "";
				ENABLE_PREVIEWS = YES;
				GENERATE_INFOPLIST_FILE = YES;
				INFOPLIST_KEY_NSHumanReadableCopyright = "";
				LD_RUNPATH_SEARCH_PATHS = (
					"$(inherited)",
					"@executable_path/../Frameworks",
				);
				MACOSX_DEPLOYMENT_TARGET = 12.3;
				MARKETING_VERSION = 1.0;
				PRODUCT_BUNDLE_IDENTIFIER = co.davidlondonog.IconGenerator;
				PRODUCT_NAME = " Icon Generator";
				PROVISIONING_PROFILE_SPECIFIER = "";
				SDKROOT = macosx;
				SWIFT_EMIT_LOC_STRINGS = YES;
				SWIFT_VERSION = 5.0;
			};
			name = Release;
		};
/* End XCBuildConfiguration section */

/* Begin XCConfigurationList section */
		6F1DF3ED2811A6D9001DB990 /* Build configuration list for PBXProject " Icon Generator" */ = {
			isa = XCConfigurationList;
			buildConfigurations = (
				6F1DF4052811A6DA001DB990 /* Debug */,
				6F1DF4062811A6DA001DB990 /* Release */,
			);
			defaultConfigurationIsVisible = 0;
			defaultConfigurationName = Release;
		};
		6F1DF4072811A6DA001DB990 /* Build configuration list for PBXNativeTarget " Icon Generator (iOS)" */ = {
			isa = XCConfigurationList;
			buildConfigurations = (
				6F1DF4082811A6DA001DB990 /* Debug */,
				6F1DF4092811A6DA001DB990 /* Release */,
			);
			defaultConfigurationIsVisible = 0;
			defaultConfigurationName = Release;
		};
		6F1DF40A2811A6DA001DB990 /* Build configuration list for PBXNativeTarget " Icon Generator (macOS)" */ = {
			isa = XCConfigurationList;
			buildConfigurations = (
				6F1DF40B2811A6DA001DB990 /* Debug */,
				6F1DF40C2811A6DA001DB990 /* Release */,
			);
			defaultConfigurationIsVisible = 0;
			defaultConfigurationName = Release;
		};
/* End XCConfigurationList section */
	};
	rootObject = 6F1DF3EA2811A6D9001DB990 /* Project object */;
}
